{
  "originHash" : "8f61f76ee71fd1da196a1ad6c602fc77721b78b222258cce18d02c10fc221f4f",
  "pins" : [
    {
      "identity" : "sparkle",
      "kind" : "remoteSourceControl",
      "location" : "https://github.com/sparkle-project/Sparkle",
      "state" : {
        "revision" : "eef1a539a373c1f1a320624b1130fc5de7b2e100",
        "version" : "2.10.0"
      }
    },
    {
      "identity" : "swift-argument-parser",
      "kind" : "remoteSourceControl",
      "location" : "https://github.com/apple/swift-argument-parser",
      "state" : {
        "revision" : "957954da20c49873cde3ea56352448a2ec63fdaa",
        "version" : "1.7.2"
      }
    },
    {
      "identity" : "swiftterm",
      "kind" : "remoteSourceControl",
      "location" : "https://github.com/migueldeicaza/SwiftTerm",
      "state" : {
        "revision" : "7691f85b222a67a66b58499e1b2647443cf0dda7",
        "version" : "1.18.0"
      }
    }
  ],
  "version" : 3
}
